<?xml version="1.0" encoding="utf-8"?>
<Project ToolsVersion="4.0" xmlns="http://schemas.microsoft.com/developer/msbuild/2003">
  <ItemGroup>
    <Filter Include="源文件">
      <UniqueIdentifier>{4FC737F1-C7A5-4376-A066-2A32D752A2FF}</UniqueIdentifier>
      <Extensions>cpp;c;cc;cxx;def;odl;idl;hpj;bat;asm;asmx</Extensions>
    </Filter>
    <Filter Include="头文件">
      <UniqueIdentifier>{93995380-89BD-4b04-88EB-625FBE52EBFB}</UniqueIdentifier>
      <Extensions>h;hh;hpp;hxx;hm;inl;inc;xsd</Extensions>
    </Filter>
    <Filter Include="资源文件">
      <UniqueIdentifier>{67DA6AB6-F800-4c08-8B7A-83BB121AAD01}</UniqueIdentifier>
      <Extensions>rc;ico;cur;bmp;dlg;rc2;rct;bin;rgs;gif;jpg;jpeg;jpe;resx;tiff;tif;png;wav;mfcribbon-ms</Extensions>
    </Filter>
    <Filter Include="tutorial">
      <UniqueIdentifier>{a307aae5-2ef2-4386-966f-582b66d21622}</UniqueIdentifier>
    </Filter>
    <Filter Include="Util">
      <UniqueIdentifier>{0a5cb8a5-e617-4f4c-ad29-5c785114d7ef}</UniqueIdentifier>
    </Filter>
    <Filter Include="shader">
      <UniqueIdentifier>{6bab329b-4a76-4374-ada3-31dccce0a543}</UniqueIdentifier>
    </Filter>
  </ItemGroup>
  <ItemGroup>
    <Text Include="ReadMe.txt" />
  </ItemGroup>
  <ItemGroup>
    <ClInclude Include="stdafx.h">
      <Filter>头文件</Filter>
    </ClInclude>
    <ClInclude Include="targetver.h">
      <Filter>头文件</Filter>
    </ClInclude>
    <ClInclude Include="XGLModel.h">
      <Filter>头文件</Filter>
    </ClInclude>
    <ClInclude Include="Primitives.h">
      <Filter>头文件</Filter>
    </ClInclude>
    <ClInclude Include="ModelGL.h">
      <Filter>头文件</Filter>
    </ClInclude>
    <ClInclude Include="BitmapFont.h">
      <Filter>头文件</Filter>
    </ClInclude>
    <ClInclude Include="Vertices.h">
      <Filter>头文件</Filter>
    </ClInclude>
    <ClInclude Include="Tga.h">
      <Filter>头文件</Filter>
    </ClInclude>
    <ClInclude Include="Tokenizer.h">
      <Filter>头文件</Filter>
    </ClInclude>
    <ClInclude Include="objmodel.h">
      <Filter>头文件</Filter>
    </ClInclude>
    <ClInclude Include="Headers.h">
      <Filter>头文件</Filter>
    </ClInclude>
    <ClInclude Include="TutorialFactory.h">
      <Filter>tutorial</Filter>
    </ClInclude>
    <ClInclude Include="Tutorial2.h">
      <Filter>tutorial</Filter>
    </ClInclude>
    <ClInclude Include="Tutorial3.h">
      <Filter>tutorial</Filter>
    </ClInclude>
    <ClInclude Include="Tutorial4.h">
      <Filter>tutorial</Filter>
    </ClInclude>
    <ClInclude Include="XGLUtil.h">
      <Filter>Util</Filter>
    </ClInclude>
    <ClInclude Include="TutorialInterface.h">
      <Filter>tutorial</Filter>
    </ClInclude>
    <ClInclude Include="Tutorial5.h">
      <Filter>tutorial</Filter>
    </ClInclude>
    <ClInclude Include="Tutorial6.h">
      <Filter>tutorial</Filter>
    </ClInclude>
  </ItemGroup>
  <ItemGroup>
    <ClCompile Include="stdafx.cpp">
      <Filter>源文件</Filter>
    </ClCompile>
    <ClCompile Include="XGLModel.cpp">
      <Filter>源文件</Filter>
    </ClCompile>
    <ClCompile Include="dllmain.cpp">
      <Filter>源文件</Filter>
    </ClCompile>
    <ClCompile Include="Primitives.cpp">
      <Filter>源文件</Filter>
    </ClCompile>
    <ClCompile Include="ModelGL.cpp">
      <Filter>源文件</Filter>
    </ClCompile>
    <ClCompile Include="BitmapFont.cpp">
      <Filter>源文件</Filter>
    </ClCompile>
    <ClCompile Include="Tokenizer.cpp">
      <Filter>源文件</Filter>
    </ClCompile>
    <ClCompile Include="Tga.cpp">
      <Filter>源文件</Filter>
    </ClCompile>
    <ClCompile Include="ObjModel.cpp">
      <Filter>源文件</Filter>
    </ClCompile>
    <ClCompile Include="TutorialFactory.cpp">
      <Filter>tutorial</Filter>
    </ClCompile>
    <ClCompile Include="TutorialInterface.cpp">
      <Filter>源文件</Filter>
    </ClCompile>
    <ClCompile Include="Tutorial2.cpp">
      <Filter>tutorial</Filter>
    </ClCompile>
    <ClCompile Include="Tutorial3.cpp">
      <Filter>tutorial</Filter>
    </ClCompile>
    <ClCompile Include="Tutorial4.cpp">
      <Filter>tutorial</Filter>
    </ClCompile>
    <ClCompile Include="XGLUtil.cpp">
      <Filter>Util</Filter>
    </ClCompile>
    <ClCompile Include="Tutorial5.cpp">
      <Filter>tutorial</Filter>
    </ClCompile>
    <ClCompile Include="Tutorial6.cpp">
      <Filter>tutorial</Filter>
    </ClCompile>
  </ItemGroup>
  <ItemGroup>
    <None Include="tutorial4.vs">
      <Filter>shader</Filter>
    </None>
    <None Include="tutorial4.fs">
      <Filter>shader</Filter>
    </None>
    <None Include="tutorial5.vs">
      <Filter>shader</Filter>
    </None>
    <None Include="tutorial5.fs">
      <Filter>shader</Filter>
    </None>
    <None Include="tutorial6.vs">
      <Filter>shader</Filter>
    </None>
    <None Include="tutorial6.fs">
      <Filter>shader</Filter>
    </None>
  </ItemGroup>
</Project>